
Microsoft Visual Studio Solution File, Format Version 12.00
# Visual Studio Version 17
VisualStudioVersion = 17.8.34330.188
MinimumVisualStudioVersion = 10.0.40219.1
Project("{FAE04EC0-301F-11D3-BF4B-00C04F79EFBC}") = "Catenary Support Infrastructure", "Catenary Support Infrastructure\Catenary Support Infrastructure.csproj", "{BCED706E-BF83-4FAE-B487-229D82880ED8}"
EndProject
Global
	GlobalSection(SolutionConfigurationPlatforms) = preSolution
		Debug|Any CPU = Debug|Any CPU
		Release|Any CPU = Release|Any CPU
	EndGlobalSection
	GlobalSection(ProjectConfigurationPlatforms) = postSolution
		{BCED706E-BF83-4FAE-B487-229D82880ED8}.Debug|Any CPU.ActiveCfg = Debug|Any CPU
		{BCED706E-BF83-4FAE-B487-229D82880ED8}.Debug|Any CPU.Build.0 = Debug|Any CPU
		{BCED706E-BF83-4FAE-B487-229D82880ED8}.Release|Any CPU.ActiveCfg = Release|Any CPU
		{BCED706E-BF83-4FAE-B487-229D82880ED8}.Release|Any CPU.Build.0 = Release|Any CPU
	EndGlobalSection
	GlobalSection(SolutionProperties) = preSolution
		HideSolutionNode = FALSE
	EndGlobalSection
	GlobalSection(ExtensibilityGlobals) = postSolution
		SolutionGuid = {6DD425C1-1BDB-484E-9EE5-762A42035CDD}
	EndGlobalSection
EndGlobal
